
Microsoft Visual Studio Solution File, Format Version 12.00
# Visual Studio Version 16
VisualStudioVersion = 16.0.30804.86
MinimumVisualStudioVersion = 10.0.40219.1
Project("{9A19103F-16F7-4668-BE54-9A1E7A4F7556}") = "DataAccess", "DataAccess\DataAccess.csproj", "{C3B4C5C8-CE49-4162-9186-317D6D8DDD31}"
EndProject
Project("{9A19103F-16F7-4668-BE54-9A1E7A4F7556}") = "Business", "Business\Business.csproj", "{98E4FFD0-D371-4908-A128-81B911216A52}"
EndProject
Project("{9A19103F-16F7-4668-BE54-9A1E7A4F7556}") = "Entities", "Entities\Entities.csproj", "{7C4D73E8-6DA3-47DE-909C-1FE98E37EF6F}"
EndProject
Project("{9A19103F-16F7-4668-BE54-9A1E7A4F7556}") = "ConsoleUI", "ConsoleUI\ConsoleUI.csproj", "{1C76564B-7408-4178-9045-E2AD89487914}"
EndProject
Project("{FAE04EC0-301F-11D3-BF4B-00C04F79EFBC}") = "Core", "Core\Core.csproj", "{1A5A1FDD-9664-4FA2-93EC-8A1066F2A2F3}"
EndProject
Global
	GlobalSection(SolutionConfigurationPlatforms) = preSolution
		Debug|Any CPU = Debug|Any CPU
		Release|Any CPU = Release|Any CPU
	EndGlobalSection
	GlobalSection(ProjectConfigurationPlatforms) = postSolution
		{C3B4C5C8-CE49-4162-9186-317D6D8DDD31}.Debug|Any CPU.ActiveCfg = Debug|Any CPU
		{C3B4C5C8-CE49-4162-9186-317D6D8DDD31}.Debug|Any CPU.Build.0 = Debug|Any CPU
		{C3B4C5C8-CE49-4162-9186-317D6D8DDD31}.Release|Any CPU.ActiveCfg = Release|Any CPU
		{C3B4C5C8-CE49-4162-9186-317D6D8DDD31}.Release|Any CPU.Build.0 = Release|Any CPU
		{98E4FFD0-D371-4908-A128-81B911216A52}.Debug|Any CPU.ActiveCfg = Debug|Any CPU
		{98E4FFD0-D371-4908-A128-81B911216A52}.Debug|Any CPU.Build.0 = Debug|Any CPU
		{98E4FFD0-D371-4908-A128-81B911216A52}.Release|Any CPU.ActiveCfg = Release|Any CPU
		{98E4FFD0-D371-4908-A128-81B911216A52}.Release|Any CPU.Build.0 = Release|Any CPU
		{7C4D73E8-6DA3-47DE-909C-1FE98E37EF6F}.Debug|Any CPU.ActiveCfg = Debug|Any CPU
		{7C4D73E8-6DA3-47DE-909C-1FE98E37EF6F}.Debug|Any CPU.Build.0 = Debug|Any CPU
		{7C4D73E8-6DA3-47DE-909C-1FE98E37EF6F}.Release|Any CPU.ActiveCfg = Release|Any CPU
		{7C4D73E8-6DA3-47DE-909C-1FE98E37EF6F}.Release|Any CPU.Build.0 = Release|Any CPU
		{1C76564B-7408-4178-9045-E2AD89487914}.Debug|Any CPU.ActiveCfg = Debug|Any CPU
		{1C76564B-7408-4178-9045-E2AD89487914}.Debug|Any CPU.Build.0 = Debug|Any CPU
		{1C76564B-7408-4178-9045-E2AD89487914}.Release|Any CPU.ActiveCfg = Release|Any CPU
		{1C76564B-7408-4178-9045-E2AD89487914}.Release|Any CPU.Build.0 = Release|Any CPU
		{1A5A1FDD-9664-4FA2-93EC-8A1066F2A2F3}.Debug|Any CPU.ActiveCfg = Debug|Any CPU
		{1A5A1FDD-9664-4FA2-93EC-8A1066F2A2F3}.Debug|Any CPU.Build.0 = Debug|Any CPU
		{1A5A1FDD-9664-4FA2-93EC-8A1066F2A2F3}.Release|Any CPU.ActiveCfg = Release|Any CPU
		{1A5A1FDD-9664-4FA2-93EC-8A1066F2A2F3}.Release|Any CPU.Build.0 = Release|Any CPU
	EndGlobalSection
	GlobalSection(SolutionProperties) = preSolution
		HideSolutionNode = FALSE
	EndGlobalSection
	GlobalSection(ExtensibilityGlobals) = postSolution
		SolutionGuid = {FF37BD25-B6D6-41E6-B6EC-86B01A1FF82D}
	EndGlobalSection
EndGlobal
